// !$*UTF8*$!
{
	archiveVersion = 1;
	classes = {
	};
	objectVersion = 77;
	objects = {

/* Begin PBXBuildFile section */
		09153CAB301C95CE00511696 /* Kingfisher in Frameworks */ = {isa = PBXBuildFile; productRef = 448DD24DDFE9AC0BC4FC14E2 /* Kingfisher */; };
		0931E52330137030006CFE34 /* Pulse in Frameworks */ = {isa = PBXBuildFile; productRef = 0931E52130137030006CFE34 /* Pulse */; };
		0931E52430137030006CFE34 /* PulseUI in Frameworks */ = {isa = PBXBuildFile; productRef = 0931E52230137030006CFE34 /* PulseUI */; };
		0E4F004E61036900AA2757FB /* SwiftProtobuf in Frameworks */ = {isa = PBXBuildFile; productRef = 28B8AB2BD8C5110A6A59FEC8 /* SwiftProtobuf */; };
		587DC55FD662072BB8D65BB0 /* Kingfisher in Frameworks */ = {isa = PBXBuildFile; productRef = 448DD24DDFE9AC0BC4FC14E2 /* Kingfisher */; };
		FBB2FC2CC0EF8C79947D787B /* SnapshotTesting in Frameworks */ = {isa = PBXBuildFile; productRef = 3DAC02289E28F34F0B0B661A /* SnapshotTesting */; };
/* End PBXBuildFile section */

/* Begin PBXContainerItemProxy section */
		90C262AAD59B81B1EFA5889B /* PBXContainerItemProxy */ = {
			isa = PBXContainerItemProxy;
			containerPortal = 09E17AFF2F9342C20041C0D3 /* Project object */;
			proxyType = 1;
			remoteGlobalIDString = 09E17B062F9342C20041C0D3;
			remoteInfo = bilibili_tv;
		};
/* End PBXContainerItemProxy section */

/* Begin PBXFileReference section */
		09E17B072F9342C20041C0D3 /* bilibili_tv.app */ = {isa = PBXFileReference; explicitFileType = wrapper.application; includeInIndex = 0; path = bilibili_tv.app; sourceTree = BUILT_PRODUCTS_DIR; };
		09E17B162F9342C40041C0D3 /* bilibili_tvTests.xctest */ = {isa = PBXFileReference; explicitFileType = wrapper.cfbundle; includeInIndex = 0; path = bilibili_tvTests.xctest; sourceTree = BUILT_PRODUCTS_DIR; };
		09E17B202F9342C40041C0D3 /* bilibili_tvUITests.xctest */ = {isa = PBXFileReference; explicitFileType = wrapper.cfbundle; includeInIndex = 0; path = bilibili_tvUITests.xctest; sourceTree = BUILT_PRODUCTS_DIR; };
/* End PBXFileReference section */

/* Begin PBXFileSystemSynchronizedRootGroup section */
		09E17B092F9342C20041C0D3 /* bilibili_tv */ = {
			isa = PBXFileSystemSynchronizedRootGroup;
			path = bilibili_tv;
			sourceTree = "<group>";
		};
		09E17B192F9342C40041C0D3 /* bilibili_tvTests */ = {
			isa = PBXFileSystemSynchronizedRootGroup;
			path = bilibili_tvTests;
			sourceTree = "<group>";
		};
		09E17B232F9342C40041C0D3 /* bilibili_tvUITests */ = {
			isa = PBXFileSystemSynchronizedRootGroup;
			path = bilibili_tvUITests;
			sourceTree = "<group>";
		};
/* End PBXFileSystemSynchronizedRootGroup section */

/* Begin PBXFrameworksBuildPhase section */
		09E17B042F9342C20041C0D3 /* Frameworks */ = {
			isa = PBXFrameworksBuildPhase;
			buildActionMask = 2147483647;
			files = (
				0931E52330137030006CFE34 /* Pulse in Frameworks */,
				0931E52430137030006CFE34 /* PulseUI in Frameworks */,
				587DC55FD662072BB8D65BB0 /* Kingfisher in Frameworks */,
				0E4F004E61036900AA2757FB /* SwiftProtobuf in Frameworks */,
			);
			runOnlyForDeploymentPostprocessing = 0;
		};
		09E17B132F9342C40041C0D3 /* Frameworks */ = {
			isa = PBXFrameworksBuildPhase;
			buildActionMask = 2147483647;
			files = (
				FBB2FC2CC0EF8C79947D787B /* SnapshotTesting in Frameworks */,
			);
			runOnlyForDeploymentPostprocessing = 0;
		};
		09E17B1D2F9342C40041C0D3 /* Frameworks */ = {
			isa = PBXFrameworksBuildPhase;
			buildActionMask = 2147483647;
			files = (
				09153CAB301C95CE00511696 /* Kingfisher in Frameworks */,
			);
			runOnlyForDeploymentPostprocessing = 0;
		};
/* End PBXFrameworksBuildPhase section */

/* Begin PBXGroup section */
		09E17AFE2F9342C20041C0D3 = {
			isa = PBXGroup;
			children = (
				09E17B092F9342C20041C0D3 /* bilibili_tv */,
				09E17B192F9342C40041C0D3 /* bilibili_tvTests */,
				09E17B232F9342C40041C0D3 /* bilibili_tvUITests */,
				09E17B082F9342C20041C0D3 /* Products */,
			);
			sourceTree = "<group>";
		};
		09E17B082F9342C20041C0D3 /* Products */ = {
			isa = PBXGroup;
			children = (
				09E17B072F9342C20041C0D3 /* bilibili_tv.app */,
				09E17B162F9342C40041C0D3 /* bilibili_tvTests.xctest */,
				09E17B202F9342C40041C0D3 /* bilibili_tvUITests.xctest */,
			);
			name = Products;
			sourceTree = "<group>";
		};
/* End PBXGroup section */

/* Begin PBXNativeTarget section */
		09E17B062F9342C20041C0D3 /* bilibili_tv */ = {
			isa = PBXNativeTarget;
			buildConfigurationList = 09E17B2A2F9342C40041C0D3 /* Build configuration list for PBXNativeTarget "bilibili_tv" */;
			buildPhases = (
				3411EC91335B44818570B4F6 /* SwiftLint */,
				09E17B032F9342C20041C0D3 /* Sources */,
				09E17B042F9342C20041C0D3 /* Frameworks */,
				09E17B052F9342C20041C0D3 /* Resources */,
			);
			buildRules = (
			);
			dependencies = (
			);
			fileSystemSynchronizedGroups = (
				09E17B092F9342C20041C0D3 /* bilibili_tv */,
			);
			name = bilibili_tv;
			packageProductDependencies = (
				0931E52130137030006CFE34 /* Pulse */,
				0931E52230137030006CFE34 /* PulseUI */,
				448DD24DDFE9AC0BC4FC14E2 /* Kingfisher */,
				28B8AB2BD8C5110A6A59FEC8 /* SwiftProtobuf */,
			);
			productName = bilibili_tv;
			productReference = 09E17B072F9342C20041C0D3 /* bilibili_tv.app */;
			productType = "com.apple.product-type.application";
		};
		09E17B152F9342C40041C0D3 /* bilibili_tvTests */ = {
			isa = PBXNativeTarget;
			buildConfigurationList = 09E17B2D2F9342C40041C0D3 /* Build configuration list for PBXNativeTarget "bilibili_tvTests" */;
			buildPhases = (
				09E17B122F9342C40041C0D3 /* Sources */,
				09E17B132F9342C40041C0D3 /* Frameworks */,
				09E17B142F9342C40041C0D3 /* Resources */,
			);
			buildRules = (
			);
			dependencies = (
				FB2BE7931A8BAEB135E33225 /* PBXTargetDependency */,
			);
			fileSystemSynchronizedGroups = (
				09E17B192F9342C40041C0D3 /* bilibili_tvTests */,
			);
			name = bilibili_tvTests;
			packageProductDependencies = (
				3DAC02289E28F34F0B0B661A /* SnapshotTesting */,
			);
			productName = bilibili_tvTests;
			productReference = 09E17B162F9342C40041C0D3 /* bilibili_tvTests.xctest */;
			productType = "com.apple.product-type.bundle.unit-test";
		};
		09E17B1F2F9342C40041C0D3 /* bilibili_tvUITests */ = {
			isa = PBXNativeTarget;
			buildConfigurationList = 09E17B302F9342C40041C0D3 /* Build configuration list for PBXNativeTarget "bilibili_tvUITests" */;
			buildPhases = (
				09E17B1C2F9342C40041C0D3 /* Sources */,
				09E17B1D2F9342C40041C0D3 /* Frameworks */,
				09E17B1E2F9342C40041C0D3 /* Resources */,
			);
			buildRules = (
			);
			dependencies = (
			);
			fileSystemSynchronizedGroups = (
				09E17B232F9342C40041C0D3 /* bilibili_tvUITests */,
			);
			name = bilibili_tvUITests;
			packageProductDependencies = (
				448DD24DDFE9AC0BC4FC14E2 /* Kingfisher */,
			);
			productName = bilibili_tvUITests;
			productReference = 09E17B202F9342C40041C0D3 /* bilibili_tvUITests.xctest */;
			productType = "com.apple.product-type.bundle.ui-testing";
		};
/* End PBXNativeTarget section */

/* Begin PBXProject section */
		09E17AFF2F9342C20041C0D3 /* Project object */ = {
			isa = PBXProject;
			attributes = {
				BuildIndependentTargetsInParallel = 1;
				LastSwiftUpdateCheck = 2640;
				LastUpgradeCheck = 2660;
				TargetAttributes = {
					09E17B062F9342C20041C0D3 = {
						CreatedOnToolsVersion = 26.4.1;
					};
					09E17B152F9342C40041C0D3 = {
						CreatedOnToolsVersion = 26.4.1;
						TestTargetID = 09E17B062F9342C20041C0D3;
					};
					09E17B1F2F9342C40041C0D3 = {
						CreatedOnToolsVersion = 26.4.1;
						TestTargetID = 09E17B062F9342C20041C0D3;
					};
				};
			};
			buildConfigurationList = 09E17B022F9342C20041C0D3 /* Build configuration list for PBXProject "bilibili_tv" */;
			developmentRegion = en;
			hasScannedForEncodings = 0;
			knownRegions = (
				en,
				Base,
			);
			mainGroup = 09E17AFE2F9342C20041C0D3;
			packageReferences = (
				0931E52030137030006CFE34 /* XCRemoteSwiftPackageReference "Pulse" */,
				CDD59ED986395C99455CC4BE /* XCRemoteSwiftPackageReference "Kingfisher" */,
				0B4A9B9CA5BEBDDE5B0ECD96 /* XCRemoteSwiftPackageReference "swift-protobuf" */,
				DED13D3287F5655F7E1E22CB /* XCRemoteSwiftPackageReference "swift-snapshot-testing" */,
			);
			preferredProjectObjectVersion = 77;
			productRefGroup = 09E17B082F9342C20041C0D3 /* Products */;
			projectDirPath = "";
			projectRoot = "";
			targets = (
				09E17B062F9342C20041C0D3 /* bilibili_tv */,
				09E17B152F9342C40041C0D3 /* bilibili_tvTests */,
				09E17B1F2F9342C40041C0D3 /* bilibili_tvUITests */,
			);
		};
/* End PBXProject section */

/* Begin PBXResourcesBuildPhase section */
		09E17B052F9342C20041C0D3 /* Resources */ = {
			isa = PBXResourcesBuildPhase;
			buildActionMask = 2147483647;
			files = (
			);
			runOnlyForDeploymentPostprocessing = 0;
		};
		09E17B142F9342C40041C0D3 /* Resources */ = {
			isa = PBXResourcesBuildPhase;
			buildActionMask = 2147483647;
			files = (
			);
			runOnlyForDeploymentPostprocessing = 0;
		};
		09E17B1E2F9342C40041C0D3 /* Resources */ = {
			isa = PBXResourcesBuildPhase;
			buildActionMask = 2147483647;
			files = (
			);
			runOnlyForDeploymentPostprocessing = 0;
		};
/* End PBXResourcesBuildPhase section */

/* Begin PBXShellScriptBuildPhase section */
		3411EC91335B44818570B4F6 /* SwiftLint */ = {
			isa = PBXShellScriptBuildPhase;
			alwaysOutOfDate = 1;
			buildActionMask = 2147483647;
			files = (
			);
			inputFileListPaths = (
			);
			inputPaths = (
			);
			name = SwiftLint;
			outputFileListPaths = (
			);
			outputPaths = (
			);
			runOnlyForDeploymentPostprocessing = 0;
			shellPath = /bin/sh;
			shellScript = "if command -v swiftlint >/dev/null 2>&1; then\n  cd \"$SRCROOT\"\n  if ! swiftlint lint --baseline .swiftlint_baseline.json --strict; then\n    echo \"error: SwiftLint found lint violations (see above).\"\n    exit 1\n  fi\nelse\n  echo \"warning: SwiftLint not installed; skipping lint\"\nfi\n";
		};
/* End PBXShellScriptBuildPhase section */

/* Begin PBXSourcesBuildPhase section */
		09E17B032F9342C20041C0D3 /* Sources */ = {
			isa = PBXSourcesBuildPhase;
			buildActionMask = 2147483647;
			files = (
			);
			runOnlyForDeploymentPostprocessing = 0;
		};
		09E17B122F9342C40041C0D3 /* Sources */ = {
			isa = PBXSourcesBuildPhase;
			buildActionMask = 2147483647;
			files = (
			);
			runOnlyForDeploymentPostprocessing = 0;
		};
		09E17B1C2F9342C40041C0D3 /* Sources */ = {
			isa = PBXSourcesBuildPhase;
			buildActionMask = 2147483647;
			files = (
			);
			runOnlyForDeploymentPostprocessing = 0;
		};
/* End PBXSourcesBuildPhase section */

/* Begin PBXTargetDependency section */
		FB2BE7931A8BAEB135E33225 /* PBXTargetDependency */ = {
			isa = PBXTargetDependency;
			target = 09E17B062F9342C20041C0D3 /* bilibili_tv */;
			targetProxy = 90C262AAD59B81B1EFA5889B /* PBXContainerItemProxy */;
		};
/* End PBXTargetDependency section */

/* Begin XCBuildConfiguration section */
		09E17B282F9342C40041C0D3 /* Debug */ = {
			isa = XCBuildConfiguration;
			buildSettings = {
				ALWAYS_SEARCH_USER_PATHS = NO;
				ASSETCATALOG_COMPILER_APPICON_NAME = AppIcon;
				ASSETCATALOG_COMPILER_GLOBAL_ACCENT_COLOR_NAME = AccentColor;
				CLANG_ANALYZER_NONNULL = YES;
				CLANG_ANALYZER_NUMBER_OBJECT_CONVERSION = YES_AGGRESSIVE;
				CLANG_CXX_LANGUAGE_STANDARD = "gnu++23";
				CLANG_ENABLE_MODULES = YES;
				CLANG_ENABLE_OBJC_ARC = YES;
				CLANG_ENABLE_OBJC_WEAK = YES;
				CLANG_WARN_BLOCK_CAPTURE_AUTORELEASING = YES;
				CLANG_WARN_BOOL_CONVERSION = YES;
				CLANG_WARN_COMMA = YES;
				CLANG_WARN_CONSTANT_CONVERSION = YES;
				CLANG_WARN_DEPRECATED_OBJC_IMPLEMENTATIONS = YES;
				CLANG_WARN_DIRECT_OBJC_ISA_USAGE = YES_ERROR;
				CLANG_WARN_DOCUMENTATION_COMMENTS = YES;
				CLANG_WARN_EMPTY_BODY = YES;
				CLANG_WARN_ENUM_CONVERSION = YES;
				CLANG_WARN_INFINITE_RECURSION = YES;
				CLANG_WARN_INT_CONVERSION = YES;
				CLANG_WARN_NON_LITERAL_NULL_CONVERSION = YES;
				CLANG_WARN_OBJC_IMPLICIT_RETAIN_SELF = YES;
				CLANG_WARN_OBJC_LITERAL_CONVERSION = YES;
				CLANG_WARN_OBJC_ROOT_CLASS = YES_ERROR;
				CLANG_WARN_QUOTED_INCLUDE_IN_FRAMEWORK_HEADER = YES;
				CLANG_WARN_RANGE_LOOP_ANALYSIS = YES;
				CLANG_WARN_STRICT_PROTOTYPES = YES;
				CLANG_WARN_SUSPICIOUS_MOVE = YES;
				CLANG_WARN_UNGUARDED_AVAILABILITY = YES_AGGRESSIVE;
				CLANG_WARN_UNREACHABLE_CODE = YES;
				CLANG_WARN__DUPLICATE_METHOD_MATCH = YES;
				COPY_PHASE_STRIP = NO;
				DEBUG_INFORMATION_FORMAT = dwarf;
				ENABLE_STRICT_OBJC_MSGSEND = YES;
				ENABLE_TESTABILITY = YES;
				GCC_C_LANGUAGE_STANDARD = gnu17;
				GCC_DYNAMIC_NO_PIC = NO;
				GCC_NO_COMMON_BLOCKS = YES;
				GCC_OPTIMIZATION_LEVEL = 0;
				GCC_PREPROCESSOR_DEFINITIONS = (
					"DEBUG=1",
					"$(inherited)",
				);
				GCC_WARN_64_TO_32_BIT_CONVERSION = YES;
				GCC_WARN_ABOUT_RETURN_TYPE = YES_ERROR;
				GCC_WARN_UNDECLARED_SELECTOR = YES;
				GCC_WARN_UNINITIALIZED_AUTOS = YES_AGGRESSIVE;
				GCC_WARN_UNUSED_FUNCTION = YES;
				GCC_WARN_UNUSED_VARIABLE = YES;
				LOCALIZABLE_CONTENT_DIR = "";
				MTL_ENABLE_DEBUG_INFO = INCLUDE_SOURCE;
				MTL_FAST_MATH = YES;
				ONLY_ACTIVE_ARCH = YES;
				SDKROOT = appletvos;
				SWIFT_OPTIMIZATION_LEVEL = "-Onone";
				TVOS_DEPLOYMENT_TARGET = 26.0;
			};
			name = Debug;
		};
		09E17B292F9342C40041C0D3 /* Release */ = {
			isa = XCBuildConfiguration;
			buildSettings = {
				ALWAYS_SEARCH_USER_PATHS = NO;
				ASSETCATALOG_COMPILER_APPICON_NAME = AppIcon;
				ASSETCATALOG_COMPILER_GLOBAL_ACCENT_COLOR_NAME = AccentColor;
				CLANG_ANALYZER_NONNULL = YES;
				CLANG_ANALYZER_NUMBER_OBJECT_CONVERSION = YES_AGGRESSIVE;
				CLANG_CXX_LANGUAGE_STANDARD = "gnu++23";
				CLANG_ENABLE_MODULES = YES;
				CLANG_ENABLE_OBJC_ARC = YES;
				CLANG_ENABLE_OBJC_WEAK = YES;
				CLANG_WARN_BLOCK_CAPTURE_AUTORELEASING = YES;
				CLANG_WARN_BOOL_CONVERSION = YES;
				CLANG_WARN_COMMA = YES;
				CLANG_WARN_CONSTANT_CONVERSION = YES;
				CLANG_WARN_DEPRECATED_OBJC_IMPLEMENTATIONS = YES;
				CLANG_WARN_DIRECT_OBJC_ISA_USAGE = YES_ERROR;
				CLANG_WARN_DOCUMENTATION_COMMENTS = YES;
				CLANG_WARN_EMPTY_BODY = YES;
				CLANG_WARN_ENUM_CONVERSION = YES;
				CLANG_WARN_INFINITE_RECURSION = YES;
				CLANG_WARN_INT_CONVERSION = YES;
				CLANG_WARN_NON_LITERAL_NULL_CONVERSION = YES;
				CLANG_WARN_OBJC_IMPLICIT_RETAIN_SELF = YES;
				CLANG_WARN_OBJC_LITERAL_CONVERSION = YES;
				CLANG_WARN_OBJC_ROOT_CLASS = YES_ERROR;
				CLANG_WARN_QUOTED_INCLUDE_IN_FRAMEWORK_HEADER = YES;
				CLANG_WARN_RANGE_LOOP_ANALYSIS = YES;
				CLANG_WARN_STRICT_PROTOTYPES = YES;
				CLANG_WARN_SUSPICIOUS_MOVE = YES;
				CLANG_WARN_UNGUARDED_AVAILABILITY = YES_AGGRESSIVE;
				CLANG_WARN_UNREACHABLE_CODE = YES;
				CLANG_WARN__DUPLICATE_METHOD_MATCH = YES;
				COPY_PHASE_STRIP = NO;
				DEBUG_INFORMATION_FORMAT = "dwarf-with-dsym";
				ENABLE_NS_ASSERTIONS = NO;
				ENABLE_STRICT_OBJC_MSGSEND = YES;
				GCC_C_LANGUAGE_STANDARD = gnu17;
				GCC_NO_COMMON_BLOCKS = YES;
				GCC_WARN_64_TO_32_BIT_CONVERSION = YES;
				GCC_WARN_ABOUT_RETURN_TYPE = YES_ERROR;
				GCC_WARN_UNDECLARED_SELECTOR = YES;
				GCC_WARN_UNINITIALIZED_AUTOS = YES_AGGRESSIVE;
				GCC_WARN_UNUSED_FUNCTION = YES;
				GCC_WARN_UNUSED_VARIABLE = YES;
				LOCALIZABLE_CONTENT_DIR = "";
				MTL_FAST_MATH = YES;
				SDKROOT = appletvos;
				SWIFT_OPTIMIZATION_LEVEL = "-Onone";
				TVOS_DEPLOYMENT_TARGET = 26.0;
				VALIDATE_PRODUCT = YES;
			};
			name = Release;
		};
		09E17B2B2F9342C40041C0D3 /* Debug */ = {
			isa = XCBuildConfiguration;
			buildSettings = {
				ASSETCATALOG_COMPILER_APPICON_NAME = AppIcon;
				ASSETCATALOG_COMPILER_GLOBAL_ACCENT_COLOR_NAME = AccentColor;
				CODE_SIGN_STYLE = Automatic;
				CURRENT_PROJECT_VERSION = 1;
				ENABLE_USER_SCRIPT_SANDBOXING = NO;
				GENERATE_INFOPLIST_FILE = YES;
				INFOPLIST_KEY_CFBundlePackageType = APPL;
				INFOPLIST_KEY_UIApplicationSceneManifest_Generation = YES;
				INFOPLIST_KEY_UIRequiredDeviceCapabilities = arm64;
				LD_RUNPATH_SEARCH_PATHS = (
					"$(inherited)",
					"@executable_path/Frameworks",
				);
				MARKETING_VERSION = 1.0;
				PRODUCT_BUNDLE_IDENTIFIER = "nmsl.bilibili-tv";
				PRODUCT_NAME = "$(TARGET_NAME)";
				STRING_CATALOG_GENERATE_SYMBOLS = NO;
				SWIFT_ACTIVE_COMPILATION_CONDITIONS = DEBUG;
				SWIFT_APPROACHABLE_CONCURRENCY = YES;
				SWIFT_EMIT_LOC_STRINGS = NO;
				SWIFT_UPCOMING_FEATURE_MEMBER_IMPORT_VISIBILITY = YES;
				SWIFT_VERSION = 6.0;
				TARGETED_DEVICE_FAMILY = 3;
				TVOS_DEPLOYMENT_TARGET = 26.0;
			};
			name = Debug;
		};
		09E17B2C2F9342C40041C0D3 /* Release */ = {
			isa = XCBuildConfiguration;
			buildSettings = {
				ASSETCATALOG_COMPILER_APPICON_NAME = AppIcon;
				ASSETCATALOG_COMPILER_GLOBAL_ACCENT_COLOR_NAME = AccentColor;
				CODE_SIGN_STYLE = Automatic;
				CURRENT_PROJECT_VERSION = 1;
				ENABLE_USER_SCRIPT_SANDBOXING = NO;
				GENERATE_INFOPLIST_FILE = YES;
				INFOPLIST_KEY_CFBundlePackageType = APPL;
				INFOPLIST_KEY_UIApplicationSceneManifest_Generation = YES;
				INFOPLIST_KEY_UIRequiredDeviceCapabilities = arm64;
				LD_RUNPATH_SEARCH_PATHS = (
					"$(inherited)",
					"@executable_path/Frameworks",
				);
				MARKETING_VERSION = 1.0;
				PRODUCT_BUNDLE_IDENTIFIER = "nmsl.bilibili-tv";
				PRODUCT_NAME = "$(TARGET_NAME)";
				STRING_CATALOG_GENERATE_SYMBOLS = NO;
				SWIFT_APPROACHABLE_CONCURRENCY = YES;
				SWIFT_EMIT_LOC_STRINGS = NO;
				SWIFT_UPCOMING_FEATURE_MEMBER_IMPORT_VISIBILITY = YES;
				SWIFT_VERSION = 6.0;
				TARGETED_DEVICE_FAMILY = 3;
				TVOS_DEPLOYMENT_TARGET = 26.0;
			};
			name = Release;
		};
		09E17B2E2F9342C40041C0D3 /* Debug */ = {
			isa = XCBuildConfiguration;
			buildSettings = {
				BUNDLE_LOADER = "$(TEST_HOST)";
				CODE_SIGN_STYLE = Automatic;
				CURRENT_PROJECT_VERSION = 1;
				GENERATE_INFOPLIST_FILE = YES;
				MARKETING_VERSION = 1.0;
				PRODUCT_BUNDLE_IDENTIFIER = "nmsl.bilibili-tvTests";
				PRODUCT_NAME = "$(TARGET_NAME)";
				STRING_CATALOG_GENERATE_SYMBOLS = NO;
				SWIFT_APPROACHABLE_CONCURRENCY = YES;
				SWIFT_EMIT_LOC_STRINGS = NO;
				SWIFT_UPCOMING_FEATURE_MEMBER_IMPORT_VISIBILITY = YES;
				SWIFT_VERSION = 6.0;
				TARGETED_DEVICE_FAMILY = 3;
				TEST_HOST = "$(BUILT_PRODUCTS_DIR)/bilibili_tv.app/bilibili_tv";
			};
			name = Debug;
		};
		09E17B2F2F9342C40041C0D3 /* Release */ = {
			isa = XCBuildConfiguration;
			buildSettings = {
				BUNDLE_LOADER = "$(TEST_HOST)";
				CODE_SIGN_STYLE = Automatic;
				CURRENT_PROJECT_VERSION = 1;
				GENERATE_INFOPLIST_FILE = YES;
				MARKETING_VERSION = 1.0;
				PRODUCT_BUNDLE_IDENTIFIER = "nmsl.bilibili-tvTests";
				PRODUCT_NAME = "$(TARGET_NAME)";
				STRING_CATALOG_GENERATE_SYMBOLS = NO;
				SWIFT_APPROACHABLE_CONCURRENCY = YES;
				SWIFT_EMIT_LOC_STRINGS = NO;
				SWIFT_UPCOMING_FEATURE_MEMBER_IMPORT_VISIBILITY = YES;
				SWIFT_VERSION = 6.0;
				TARGETED_DEVICE_FAMILY = 3;
				TEST_HOST = "$(BUILT_PRODUCTS_DIR)/bilibili_tv.app/bilibili_tv";
			};
			name = Release;
		};
		09E17B312F9342C40041C0D3 /* Debug */ = {
			isa = XCBuildConfiguration;
			buildSettings = {
				CODE_SIGN_STYLE = Automatic;
				CURRENT_PROJECT_VERSION = 1;
				GENERATE_INFOPLIST_FILE = YES;
				MARKETING_VERSION = 1.0;
				PRODUCT_BUNDLE_IDENTIFIER = "nmsl.bilibili-tvUITests";
				PRODUCT_NAME = "$(TARGET_NAME)";
				STRING_CATALOG_GENERATE_SYMBOLS = NO;
				SWIFT_APPROACHABLE_CONCURRENCY = YES;
				SWIFT_EMIT_LOC_STRINGS = NO;
				SWIFT_UPCOMING_FEATURE_MEMBER_IMPORT_VISIBILITY = YES;
				SWIFT_VERSION = 6.0;
				TARGETED_DEVICE_FAMILY = 3;
				TEST_TARGET_NAME = bilibili_tv;
			};
			name = Debug;
		};
		09E17B322F9342C40041C0D3 /* Release */ = {
			isa = XCBuildConfiguration;
			buildSettings = {
				CODE_SIGN_STYLE = Automatic;
				CURRENT_PROJECT_VERSION = 1;
				GENERATE_INFOPLIST_FILE = YES;
				MARKETING_VERSION = 1.0;
				PRODUCT_BUNDLE_IDENTIFIER = "nmsl.bilibili-tvUITests";
				PRODUCT_NAME = "$(TARGET_NAME)";
				STRING_CATALOG_GENERATE_SYMBOLS = NO;
				SWIFT_APPROACHABLE_CONCURRENCY = YES;
				SWIFT_EMIT_LOC_STRINGS = NO;
				SWIFT_UPCOMING_FEATURE_MEMBER_IMPORT_VISIBILITY = YES;
				SWIFT_VERSION = 6.0;
				TARGETED_DEVICE_FAMILY = 3;
				TEST_TARGET_NAME = bilibili_tv;
			};
			name = Release;
		};
/* End XCBuildConfiguration section */

/* Begin XCConfigurationList section */
		09E17B022F9342C20041C0D3 /* Build configuration list for PBXProject "bilibili_tv" */ = {
			isa = XCConfigurationList;
			buildConfigurations = (
				09E17B282F9342C40041C0D3 /* Debug */,
				09E17B292F9342C40041C0D3 /* Release */,
			);
			defaultConfigurationIsVisible = 0;
			defaultConfigurationName = Release;
		};
		09E17B2A2F9342C40041C0D3 /* Build configuration list for PBXNativeTarget "bilibili_tv" */ = {
			isa = XCConfigurationList;
			buildConfigurations = (
				09E17B2B2F9342C40041C0D3 /* Debug */,
				09E17B2C2F9342C40041C0D3 /* Release */,
			);
			defaultConfigurationIsVisible = 0;
			defaultConfigurationName = Release;
		};
		09E17B2D2F9342C40041C0D3 /* Build configuration list for PBXNativeTarget "bilibili_tvTests" */ = {
			isa = XCConfigurationList;
			buildConfigurations = (
				09E17B2E2F9342C40041C0D3 /* Debug */,
				09E17B2F2F9342C40041C0D3 /* Release */,
			);
			defaultConfigurationIsVisible = 0;
			defaultConfigurationName = Release;
		};
		09E17B302F9342C40041C0D3 /* Build configuration list for PBXNativeTarget "bilibili_tvUITests" */ = {
			isa = XCConfigurationList;
			buildConfigurations = (
				09E17B312F9342C40041C0D3 /* Debug */,
				09E17B322F9342C40041C0D3 /* Release */,
			);
			defaultConfigurationIsVisible = 0;
			defaultConfigurationName = Release;
		};
/* End XCConfigurationList section */

/* Begin XCRemoteSwiftPackageReference section */
		0931E52030137030006CFE34 /* XCRemoteSwiftPackageReference "Pulse" */ = {
			isa = XCRemoteSwiftPackageReference;
			repositoryURL = "https://github.com/kean/Pulse.git";
			requirement = {
				kind = upToNextMajorVersion;
				minimumVersion = 5.0.0;
			};
		};
		0B4A9B9CA5BEBDDE5B0ECD96 /* XCRemoteSwiftPackageReference "swift-protobuf" */ = {
			isa = XCRemoteSwiftPackageReference;
			repositoryURL = "https://github.com/apple/swift-protobuf.git";
			requirement = {
				kind = upToNextMajorVersion;
				minimumVersion = 1.28.0;
			};
		};
		CDD59ED986395C99455CC4BE /* XCRemoteSwiftPackageReference "Kingfisher" */ = {
			isa = XCRemoteSwiftPackageReference;
			repositoryURL = "https://github.com/onevcat/Kingfisher";
			requirement = {
				kind = upToNextMajorVersion;
				minimumVersion = 8.11.0;
			};
		};
		DED13D3287F5655F7E1E22CB /* XCRemoteSwiftPackageReference "swift-snapshot-testing" */ = {
			isa = XCRemoteSwiftPackageReference;
			repositoryURL = "https://github.com/pointfreeco/swift-snapshot-testing";
			requirement = {
				kind = upToNextMajorVersion;
				minimumVersion = 1.19.4;
			};
		};
/* End XCRemoteSwiftPackageReference section */

/* Begin XCSwiftPackageProductDependency section */
		0931E52130137030006CFE34 /* Pulse */ = {
			isa = XCSwiftPackageProductDependency;
			package = 0931E52030137030006CFE34 /* XCRemoteSwiftPackageReference "Pulse" */;
			productName = Pulse;
		};
		0931E52230137030006CFE34 /* PulseUI */ = {
			isa = XCSwiftPackageProductDependency;
			package = 0931E52030137030006CFE34 /* XCRemoteSwiftPackageReference "Pulse" */;
			productName = PulseUI;
		};
		28B8AB2BD8C5110A6A59FEC8 /* SwiftProtobuf */ = {
			isa = XCSwiftPackageProductDependency;
			package = 0B4A9B9CA5BEBDDE5B0ECD96 /* XCRemoteSwiftPackageReference "swift-protobuf" */;
			productName = SwiftProtobuf;
		};
		3DAC02289E28F34F0B0B661A /* SnapshotTesting */ = {
			isa = XCSwiftPackageProductDependency;
			package = DED13D3287F5655F7E1E22CB /* XCRemoteSwiftPackageReference "swift-snapshot-testing" */;
			productName = SnapshotTesting;
		};
		448DD24DDFE9AC0BC4FC14E2 /* Kingfisher */ = {
			isa = XCSwiftPackageProductDependency;
			package = CDD59ED986395C99455CC4BE /* XCRemoteSwiftPackageReference "Kingfisher" */;
			productName = Kingfisher;
		};
/* End XCSwiftPackageProductDependency section */
	};
	rootObject = 09E17AFF2F9342C20041C0D3 /* Project object */;
}
